{
  "name": "search-operators-basic-demo",
  "version": "1.1.0",
  "lockfileVersion": 1,
  "requires": true,
  "dependencies": {
    "search-operators": {
      "version": "1.0.8",
      "resolved": "https://registry.npmjs.org/search-operators/-/search-operators-1.0.8.tgz",
      "integrity": "sha512-Qo/CFCsOEXlvScwbZYgWYk1JKxzVzvntgpiMyTrhWtGvS1z/IFTptYJf81Rqhjg2Ra1aYZoHA6cxbw/3ce2Flw=="
    }
  }
}
